{
  "name": "white-house-hostel-main",
  "lockfileVersion": 3,
  "requires": true,
  "packages": {
    "": {
      "devDependencies": {
        "vite-plugin-qrcode": "^0.4.1"
      }
    },
    "node_modules/uqr": {
      "version": "0.1.3",
      "resolved": "https://registry.npmjs.org/uqr/-/uqr-0.1.3.tgz",
      "integrity": "sha512-0rjE8iEJe4YmT9TOhwsZtqCMRLc5DXZUI2UEYUUg63ikBkqqE5EYWaI0etFe/5KUcmcYwLih2RND1kq+hrUJXA==",
      "dev": true,
      "license": "MIT"
    },
    "node_modules/vite-plugin-qrcode": {
      "version": "0.4.1",
      "resolved": "https://registry.npmjs.org/vite-plugin-qrcode/-/vite-plugin-qrcode-0.4.1.tgz",
      "integrity": "sha512-t3gdCbn/a2HHLK3M8bUrQ+4c+I0YQGJ/STxAL9eI6TBnfdeM/CJr3HctvOb7UYhEtWxHs5xZWpz7kYnRd5w+rA==",
      "dev": true,
      "license": "MIT",
      "dependencies": {
        "uqr": "^0.1.2"
      },
      "peerDependencies": {
        "vite": ">=3"
      }
    }
  }
}
